PODS:
  - PPHelpMe (1.0.2)
  - PPRevealSideViewController (1.2.3):
    - PPHelpMe

DEPENDENCIES:
  - PPRevealSideViewController

SPEC REPOS:
  https://github.com/CocoaPods/Specs.git:
    - PPHelpMe
    - PPRevealSideViewController

SPEC CHECKSUMS:
  PPHelpMe: 243c40d2fad33ebdcc6b158c0db54893e0cc2d14
  PPRevealSideViewController: e74d7b490738b39388f3ab9166f89dbe751560b4

PODFILE CHECKSUM: 619e958435ba3c421f0ca15ab32ebd4ba21847d2

COCOAPODS: 1.5.0
